
Microsoft Visual Studio Solution File, Format Version 12.00
# Visual Studio 14
VisualStudioVersion = 14.0.25420.1
MinimumVisualStudioVersion = 10.0.40219.1
Project("{8BC9CEB8-8B4A-11D0-8D11-00A0C91BC942}") = "TestHttp", "TestHttp\TestHttp.vcxproj", "{2A07A32E-4472-4966-A3AE-618B6A966700}"
EndProject
Project("{8BC9CEB8-8B4A-11D0-8D11-00A0C91BC942}") = "GetDisByLLh", "GetDisByLLh\GetDisByLLh.vcxproj", "{474D6440-695D-4C0B-90D1-029D6007DF46}"
EndProject
Project("{8BC9CEB8-8B4A-11D0-8D11-00A0C91BC942}") = "Exception", "Exception\Exception.vcxproj", "{CBEB2DE2-9BC6-4B70-BCF5-6F51CFAAFF0E}"
EndProject
Project("{8BC9CEB8-8B4A-11D0-8D11-00A0C91BC942}") = "Fstream", "fstream\fstream.vcxproj", "{E98ADC0A-9912-430C-B669-A80437CFD922}"
EndProject
Project("{8BC9CEB8-8B4A-11D0-8D11-00A0C91BC942}") = "Line", "line\line.vcxproj", "{2850B86C-251F-430D-835E-08CD3BBEDB1C}"
EndProject
Project("{8BC9CEB8-8B4A-11D0-8D11-00A0C91BC942}") = "Override", "override\override.vcxproj", "{224B3CFA-A7F7-4504-A59F-8676E05A6FEA}"
EndProject
Project("{8BC9CEB8-8B4A-11D0-8D11-00A0C91BC942}") = "Final", "final\final.vcxproj", "{EF585217-A491-4207-A19D-E0D83B25F012}"
EndProject
Project("{8BC9CEB8-8B4A-11D0-8D11-00A0C91BC942}") = "Test", "test\test.vcxproj", "{0E986241-3C3F-41E7-BD70-642F6B5D271E}"
EndProject
Project("{8BC9CEB8-8B4A-11D0-8D11-00A0C91BC942}") = "GUID", "GUID\GUID.vcxproj", "{A1BADF60-C150-4F9B-B53E-300505432D59}"
EndProject
Project("{8BC9CEB8-8B4A-11D0-8D11-00A0C91BC942}") = "Namespace", "namespace\namespace.vcxproj", "{C753C8D7-742F-483D-9125-2EBF97F0E635}"
EndProject
Project("{8BC9CEB8-8B4A-11D0-8D11-00A0C91BC942}") = "NullAndNullptr", "nullAndNullptr\nullAndNullptr.vcxproj", "{6D183D59-DF82-410D-8B24-B6006D39CC6E}"
EndProject
Project("{8BC9CEB8-8B4A-11D0-8D11-00A0C91BC942}") = "Format", "Format\Format.vcxproj", "{BF557CE1-E2FF-46D5-A0E6-2A5036A78F88}"
EndProject
Project("{8BC9CEB8-8B4A-11D0-8D11-00A0C91BC942}") = "Init", "init\init.vcxproj", "{6FBC7B88-0046-4648-AD4B-38284E283608}"
EndProject
Project("{8BC9CEB8-8B4A-11D0-8D11-00A0C91BC942}") = "FunctionPointer", "FunctionPointer\FunctionPointer.vcxproj", "{FD6BCA48-8B83-48B8-B4A4-514577D395BD}"
EndProject
Global
	GlobalSection(SolutionConfigurationPlatforms) = preSolution
		Debug|x64 = Debug|x64
		Debug|x86 = Debug|x86
		Release|x64 = Release|x64
		Release|x86 = Release|x86
	EndGlobalSection
	GlobalSection(ProjectConfigurationPlatforms) = postSolution
		{2A07A32E-4472-4966-A3AE-618B6A966700}.Debug|x64.ActiveCfg = Debug|x64
		{2A07A32E-4472-4966-A3AE-618B6A966700}.Debug|x64.Build.0 = Debug|x64
		{2A07A32E-4472-4966-A3AE-618B6A966700}.Debug|x86.ActiveCfg = Debug|Win32
		{2A07A32E-4472-4966-A3AE-618B6A966700}.Debug|x86.Build.0 = Debug|Win32
		{2A07A32E-4472-4966-A3AE-618B6A966700}.Release|x64.ActiveCfg = Release|x64
		{2A07A32E-4472-4966-A3AE-618B6A966700}.Release|x64.Build.0 = Release|x64
		{2A07A32E-4472-4966-A3AE-618B6A966700}.Release|x86.ActiveCfg = Release|Win32
		{2A07A32E-4472-4966-A3AE-618B6A966700}.Release|x86.Build.0 = Release|Win32
		{474D6440-695D-4C0B-90D1-029D6007DF46}.Debug|x64.ActiveCfg = Debug|x64
		{474D6440-695D-4C0B-90D1-029D6007DF46}.Debug|x64.Build.0 = Debug|x64
		{474D6440-695D-4C0B-90D1-029D6007DF46}.Debug|x86.ActiveCfg = Debug|Win32
		{474D6440-695D-4C0B-90D1-029D6007DF46}.Debug|x86.Build.0 = Debug|Win32
		{474D6440-695D-4C0B-90D1-029D6007DF46}.Release|x64.ActiveCfg = Release|x64
		{474D6440-695D-4C0B-90D1-029D6007DF46}.Release|x64.Build.0 = Release|x64
		{474D6440-695D-4C0B-90D1-029D6007DF46}.Release|x86.ActiveCfg = Release|Win32
		{474D6440-695D-4C0B-90D1-029D6007DF46}.Release|x86.Build.0 = Release|Win32
		{CBEB2DE2-9BC6-4B70-BCF5-6F51CFAAFF0E}.Debug|x64.ActiveCfg = Debug|x64
		{CBEB2DE2-9BC6-4B70-BCF5-6F51CFAAFF0E}.Debug|x64.Build.0 = Debug|x64
		{CBEB2DE2-9BC6-4B70-BCF5-6F51CFAAFF0E}.Debug|x86.ActiveCfg = Debug|Win32
		{CBEB2DE2-9BC6-4B70-BCF5-6F51CFAAFF0E}.Debug|x86.Build.0 = Debug|Win32
		{CBEB2DE2-9BC6-4B70-BCF5-6F51CFAAFF0E}.Release|x64.ActiveCfg = Release|x64
		{CBEB2DE2-9BC6-4B70-BCF5-6F51CFAAFF0E}.Release|x64.Build.0 = Release|x64
		{CBEB2DE2-9BC6-4B70-BCF5-6F51CFAAFF0E}.Release|x86.ActiveCfg = Release|Win32
		{CBEB2DE2-9BC6-4B70-BCF5-6F51CFAAFF0E}.Release|x86.Build.0 = Release|Win32
		{E98ADC0A-9912-430C-B669-A80437CFD922}.Debug|x64.ActiveCfg = Debug|x64
		{E98ADC0A-9912-430C-B669-A80437CFD922}.Debug|x64.Build.0 = Debug|x64
		{E98ADC0A-9912-430C-B669-A80437CFD922}.Debug|x86.ActiveCfg = Debug|Win32
		{E98ADC0A-9912-430C-B669-A80437CFD922}.Debug|x86.Build.0 = Debug|Win32
		{E98ADC0A-9912-430C-B669-A80437CFD922}.Release|x64.ActiveCfg = Release|x64
		{E98ADC0A-9912-430C-B669-A80437CFD922}.Release|x64.Build.0 = Release|x64
		{E98ADC0A-9912-430C-B669-A80437CFD922}.Release|x86.ActiveCfg = Release|Win32
		{E98ADC0A-9912-430C-B669-A80437CFD922}.Release|x86.Build.0 = Release|Win32
		{2850B86C-251F-430D-835E-08CD3BBEDB1C}.Debug|x64.ActiveCfg = Debug|x64
		{2850B86C-251F-430D-835E-08CD3BBEDB1C}.Debug|x64.Build.0 = Debug|x64
		{2850B86C-251F-430D-835E-08CD3BBEDB1C}.Debug|x86.ActiveCfg = Debug|Win32
		{2850B86C-251F-430D-835E-08CD3BBEDB1C}.Debug|x86.Build.0 = Debug|Win32
		{2850B86C-251F-430D-835E-08CD3BBEDB1C}.Release|x64.ActiveCfg = Release|x64
		{2850B86C-251F-430D-835E-08CD3BBEDB1C}.Release|x64.Build.0 = Release|x64
		{2850B86C-251F-430D-835E-08CD3BBEDB1C}.Release|x86.ActiveCfg = Release|Win32
		{2850B86C-251F-430D-835E-08CD3BBEDB1C}.Release|x86.Build.0 = Release|Win32
		{224B3CFA-A7F7-4504-A59F-8676E05A6FEA}.Debug|x64.ActiveCfg = Debug|x64
		{224B3CFA-A7F7-4504-A59F-8676E05A6FEA}.Debug|x64.Build.0 = Debug|x64
		{224B3CFA-A7F7-4504-A59F-8676E05A6FEA}.Debug|x86.ActiveCfg = Debug|Win32
		{224B3CFA-A7F7-4504-A59F-8676E05A6FEA}.Debug|x86.Build.0 = Debug|Win32
		{224B3CFA-A7F7-4504-A59F-8676E05A6FEA}.Release|x64.ActiveCfg = Release|x64
		{224B3CFA-A7F7-4504-A59F-8676E05A6FEA}.Release|x64.Build.0 = Release|x64
		{224B3CFA-A7F7-4504-A59F-8676E05A6FEA}.Release|x86.ActiveCfg = Release|Win32
		{224B3CFA-A7F7-4504-A59F-8676E05A6FEA}.Release|x86.Build.0 = Release|Win32
		{EF585217-A491-4207-A19D-E0D83B25F012}.Debug|x64.ActiveCfg = Debug|x64
		{EF585217-A491-4207-A19D-E0D83B25F012}.Debug|x64.Build.0 = Debug|x64
		{EF585217-A491-4207-A19D-E0D83B25F012}.Debug|x86.ActiveCfg = Debug|Win32
		{EF585217-A491-4207-A19D-E0D83B25F012}.Debug|x86.Build.0 = Debug|Win32
		{EF585217-A491-4207-A19D-E0D83B25F012}.Release|x64.ActiveCfg = Release|x64
		{EF585217-A491-4207-A19D-E0D83B25F012}.Release|x64.Build.0 = Release|x64
		{EF585217-A491-4207-A19D-E0D83B25F012}.Release|x86.ActiveCfg = Release|Win32
		{EF585217-A491-4207-A19D-E0D83B25F012}.Release|x86.Build.0 = Release|Win32
		{0E986241-3C3F-41E7-BD70-642F6B5D271E}.Debug|x64.ActiveCfg = Debug|x64
		{0E986241-3C3F-41E7-BD70-642F6B5D271E}.Debug|x64.Build.0 = Debug|x64
		{0E986241-3C3F-41E7-BD70-642F6B5D271E}.Debug|x86.ActiveCfg = Debug|Win32
		{0E986241-3C3F-41E7-BD70-642F6B5D271E}.Debug|x86.Build.0 = Debug|Win32
		{0E986241-3C3F-41E7-BD70-642F6B5D271E}.Release|x64.ActiveCfg = Release|x64
		{0E986241-3C3F-41E7-BD70-642F6B5D271E}.Release|x64.Build.0 = Release|x64
		{0E986241-3C3F-41E7-BD70-642F6B5D271E}.Release|x86.ActiveCfg = Release|Win32
		{0E986241-3C3F-41E7-BD70-642F6B5D271E}.Release|x86.Build.0 = Release|Win32
		{A1BADF60-C150-4F9B-B53E-300505432D59}.Debug|x64.ActiveCfg = Debug|x64
		{A1BADF60-C150-4F9B-B53E-300505432D59}.Debug|x64.Build.0 = Debug|x64
		{A1BADF60-C150-4F9B-B53E-300505432D59}.Debug|x86.ActiveCfg = Debug|Win32
		{A1BADF60-C150-4F9B-B53E-300505432D59}.Debug|x86.Build.0 = Debug|Win32
		{A1BADF60-C150-4F9B-B53E-300505432D59}.Release|x64.ActiveCfg = Release|x64
		{A1BADF60-C150-4F9B-B53E-300505432D59}.Release|x64.Build.0 = Release|x64
		{A1BADF60-C150-4F9B-B53E-300505432D59}.Release|x86.ActiveCfg = Release|Win32
		{A1BADF60-C150-4F9B-B53E-300505432D59}.Release|x86.Build.0 = Release|Win32
		{C753C8D7-742F-483D-9125-2EBF97F0E635}.Debug|x64.ActiveCfg = Debug|x64
		{C753C8D7-742F-483D-9125-2EBF97F0E635}.Debug|x64.Build.0 = Debug|x64
		{C753C8D7-742F-483D-9125-2EBF97F0E635}.Debug|x86.ActiveCfg = Debug|Win32
		{C753C8D7-742F-483D-9125-2EBF97F0E635}.Debug|x86.Build.0 = Debug|Win32
		{C753C8D7-742F-483D-9125-2EBF97F0E635}.Release|x64.ActiveCfg = Release|x64
		{C753C8D7-742F-483D-9125-2EBF97F0E635}.Release|x64.Build.0 = Release|x64
		{C753C8D7-742F-483D-9125-2EBF97F0E635}.Release|x86.ActiveCfg = Release|Win32
		{C753C8D7-742F-483D-9125-2EBF97F0E635}.Release|x86.Build.0 = Release|Win32
		{6D183D59-DF82-410D-8B24-B6006D39CC6E}.Debug|x64.ActiveCfg = Debug|x64
		{6D183D59-DF82-410D-8B24-B6006D39CC6E}.Debug|x64.Build.0 = Debug|x64
		{6D183D59-DF82-410D-8B24-B6006D39CC6E}.Debug|x86.ActiveCfg = Debug|Win32
		{6D183D59-DF82-410D-8B24-B6006D39CC6E}.Debug|x86.Build.0 = Debug|Win32
		{6D183D59-DF82-410D-8B24-B6006D39CC6E}.Release|x64.ActiveCfg = Release|x64
		{6D183D59-DF82-410D-8B24-B6006D39CC6E}.Release|x64.Build.0 = Release|x64
		{6D183D59-DF82-410D-8B24-B6006D39CC6E}.Release|x86.ActiveCfg = Release|Win32
		{6D183D59-DF82-410D-8B24-B6006D39CC6E}.Release|x86.Build.0 = Release|Win32
		{BF557CE1-E2FF-46D5-A0E6-2A5036A78F88}.Debug|x64.ActiveCfg = Debug|x64
		{BF557CE1-E2FF-46D5-A0E6-2A5036A78F88}.Debug|x64.Build.0 = Debug|x64
		{BF557CE1-E2FF-46D5-A0E6-2A5036A78F88}.Debug|x86.ActiveCfg = Debug|Win32
		{BF557CE1-E2FF-46D5-A0E6-2A5036A78F88}.Debug|x86.Build.0 = Debug|Win32
		{BF557CE1-E2FF-46D5-A0E6-2A5036A78F88}.Release|x64.ActiveCfg = Release|x64
		{BF557CE1-E2FF-46D5-A0E6-2A5036A78F88}.Release|x64.Build.0 = Release|x64
		{BF557CE1-E2FF-46D5-A0E6-2A5036A78F88}.Release|x86.ActiveCfg = Release|Win32
		{BF557CE1-E2FF-46D5-A0E6-2A5036A78F88}.Release|x86.Build.0 = Release|Win32
		{6FBC7B88-0046-4648-AD4B-38284E283608}.Debug|x64.ActiveCfg = Debug|x64
		{6FBC7B88-0046-4648-AD4B-38284E283608}.Debug|x64.Build.0 = Debug|x64
		{6FBC7B88-0046-4648-AD4B-38284E283608}.Debug|x86.ActiveCfg = Debug|Win32
		{6FBC7B88-0046-4648-AD4B-38284E283608}.Debug|x86.Build.0 = Debug|Win32
		{6FBC7B88-0046-4648-AD4B-38284E283608}.Release|x64.ActiveCfg = Release|x64
		{6FBC7B88-0046-4648-AD4B-38284E283608}.Release|x64.Build.0 = Release|x64
		{6FBC7B88-0046-4648-AD4B-38284E283608}.Release|x86.ActiveCfg = Release|Win32
		{6FBC7B88-0046-4648-AD4B-38284E283608}.Release|x86.Build.0 = Release|Win32
		{FD6BCA48-8B83-48B8-B4A4-514577D395BD}.Debug|x64.ActiveCfg = Debug|x64
		{FD6BCA48-8B83-48B8-B4A4-514577D395BD}.Debug|x64.Build.0 = Debug|x64
		{FD6BCA48-8B83-48B8-B4A4-514577D395BD}.Debug|x86.ActiveCfg = Debug|Win32
		{FD6BCA48-8B83-48B8-B4A4-514577D395BD}.Debug|x86.Build.0 = Debug|Win32
		{FD6BCA48-8B83-48B8-B4A4-514577D395BD}.Release|x64.ActiveCfg = Release|x64
		{FD6BCA48-8B83-48B8-B4A4-514577D395BD}.Release|x64.Build.0 = Release|x64
		{FD6BCA48-8B83-48B8-B4A4-514577D395BD}.Release|x86.ActiveCfg = Release|Win32
		{FD6BCA48-8B83-48B8-B4A4-514577D395BD}.Release|x86.Build.0 = Release|Win32
	EndGlobalSection
	GlobalSection(SolutionProperties) = preSolution
		HideSolutionNode = FALSE
	EndGlobalSection
EndGlobal
